
Microsoft Visual Studio Solution File, Format Version 12.00
Project("{FAE04EC0-301F-11D3-BF4B-00C04F79EFBC}") = "DataProto", "DataProto\DataProto.csproj", "{061E3257-B3FC-4237-BF84-8C643B2C71C8}"
EndProject
Project("{FAE04EC0-301F-11D3-BF4B-00C04F79EFBC}") = "DataProto.Tests", "DataProto.Tests\DataProto.Tests.csproj", "{AD4C50A3-8502-4379-A462-707970A7CB75}"
EndProject
Global
	GlobalSection(SolutionConfigurationPlatforms) = preSolution
		Debug|Any CPU = Debug|Any CPU
		Release|Any CPU = Release|Any CPU
	EndGlobalSection
	GlobalSection(ProjectConfigurationPlatforms) = postSolution
		{061E3257-B3FC-4237-BF84-8C643B2C71C8}.Debug|Any CPU.ActiveCfg = Debug|Any CPU
		{061E3257-B3FC-4237-BF84-8C643B2C71C8}.Debug|Any CPU.Build.0 = Debug|Any CPU
		{061E3257-B3FC-4237-BF84-8C643B2C71C8}.Release|Any CPU.ActiveCfg = Release|Any CPU
		{061E3257-B3FC-4237-BF84-8C643B2C71C8}.Release|Any CPU.Build.0 = Release|Any CPU
		{AD4C50A3-8502-4379-A462-707970A7CB75}.Debug|Any CPU.ActiveCfg = Debug|Any CPU
		{AD4C50A3-8502-4379-A462-707970A7CB75}.Debug|Any CPU.Build.0 = Debug|Any CPU
		{AD4C50A3-8502-4379-A462-707970A7CB75}.Release|Any CPU.ActiveCfg = Release|Any CPU
		{AD4C50A3-8502-4379-A462-707970A7CB75}.Release|Any CPU.Build.0 = Release|Any CPU
	EndGlobalSection
EndGlobal
